
Microsoft Visual Studio Solution File, Format Version 12.00
# Visual Studio 15
VisualStudioVersion = 15.0.28307.489
MinimumVisualStudioVersion = 10.0.40219.1
Project("{8BC9CEB8-8B4A-11D0-8D11-00A0C91BC942}") = "Traitement", "Traitement\Traitement.vcxproj", "{81294B92-5CE2-4DBE-80E3-C64934557A34}"
EndProject
Global
	GlobalSection(SolutionConfigurationPlatforms) = preSolution
		Debug|x64 = Debug|x64
		Debug|x86 = Debug|x86
		Release|x64 = Release|x64
		Release|x86 = Release|x86
	EndGlobalSection
	GlobalSection(ProjectConfigurationPlatforms) = postSolution
		{81294B92-5CE2-4DBE-80E3-C64934557A34}.Debug|x64.ActiveCfg = Debug|x64
		{81294B92-5CE2-4DBE-80E3-C64934557A34}.Debug|x64.Build.0 = Debug|x64
		{81294B92-5CE2-4DBE-80E3-C64934557A34}.Debug|x86.ActiveCfg = Debug|Win32
		{81294B92-5CE2-4DBE-80E3-C64934557A34}.Debug|x86.Build.0 = Debug|Win32
		{81294B92-5CE2-4DBE-80E3-C64934557A34}.Release|x64.ActiveCfg = Release|x64
		{81294B92-5CE2-4DBE-80E3-C64934557A34}.Release|x64.Build.0 = Release|x64
		{81294B92-5CE2-4DBE-80E3-C64934557A34}.Release|x86.ActiveCfg = Release|Win32
		{81294B92-5CE2-4DBE-80E3-C64934557A34}.Release|x86.Build.0 = Release|Win32
	EndGlobalSection
	GlobalSection(SolutionProperties) = preSolution
		HideSolutionNode = FALSE
	EndGlobalSection
	GlobalSection(ExtensibilityGlobals) = postSolution
		SolutionGuid = {3B321FC3-AC1B-47E2-87C1-75856D3D3815}
	EndGlobalSection
EndGlobal
